// !$*UTF8*$!
{
	archiveVersion = 1;
	classes = {
	};
	objectVersion = 46;
	objects = {

/* Begin PBXBuildFile section */
		A663343615DA0561002D1AE8 /* UIKit.framework in Frameworks */ = {isa = PBXBuildFile; fileRef = A663343515DA0561002D1AE8 /* UIKit.framework */; };
		A663343815DA0561002D1AE8 /* Foundation.framework in Frameworks */ = {isa = PBXBuildFile; fileRef = A663343715DA0561002D1AE8 /* Foundation.framework */; };
		A663343A15DA0561002D1AE8 /* CoreGraphics.framework in Frameworks */ = {isa = PBXBuildFile; fileRef = A663343915DA0561002D1AE8 /* CoreGraphics.framework */; };
		A663344015DA0561002D1AE8 /* InfoPlist.strings in Resources */ = {isa = PBXBuildFile; fileRef = A663343E15DA0561002D1AE8 /* InfoPlist.strings */; };
		A663344215DA0561002D1AE8 /* main.m in Sources */ = {isa = PBXBuildFile; fileRef = A663344115DA0561002D1AE8 /* main.m */; };
		A663344615DA0561002D1AE8 /* CalculatorAppDelegate.m in Sources */ = {isa = PBXBuildFile; fileRef = A663344515DA0561002D1AE8 /* CalculatorAppDelegate.m */; };
		A663344915DA0561002D1AE8 /* MainStoryboard.storyboard in Resources */ = {isa = PBXBuildFile; fileRef = A663344715DA0561002D1AE8 /* MainStoryboard.storyboard */; };
		A663344C15DA0561002D1AE8 /* CalculatorViewController.m in Sources */ = {isa = PBXBuildFile; fileRef = A663344B15DA0561002D1AE8 /* CalculatorViewController.m */; };
/* End PBXBuildFile section */

/* Begin PBXFileReference section */
		A663343115DA0561002D1AE8 /* Calculator.app */ = {isa = PBXFileReference; explicitFileType = wrapper.application; includeInIndex = 0; path = Calculator.app; sourceTree = BUILT_PRODUCTS_DIR; };
		A663343515DA0561002D1AE8 /* UIKit.framework */ = {isa = PBXFileReference; lastKnownFileType = wrapper.framework; name = UIKit.framework; path = System/Library/Frameworks/UIKit.framework; sourceTree = SDKROOT; };
		A663343715DA0561002D1AE8 /* Foundation.framework */ = {isa = PBXFileReference; lastKnownFileType = wrapper.framework; name = Foundation.framework; path = System/Library/Frameworks/Foundation.framework; sourceTree = SDKROOT; };
		A663343915DA0561002D1AE8 /* CoreGraphics.framework */ = {isa = PBXFileReference; lastKnownFileType = wrapper.framework; name = CoreGraphics.framework; path = System/Library/Frameworks/CoreGraphics.framework; sourceTree = SDKROOT; };
		A663343D15DA0561002D1AE8 /* Calculator-Info.plist */ = {isa = PBXFileReference; path = "Calculator-Info.plist"; sourceTree = "<group>"; };
		A663343F15DA0561002D1AE8 /* en */ = {isa = PBXFileReference; lastKnownFileType = text.plist.strings; name = en; path = en.lproj/InfoPlist.strings; sourceTree = "<group>"; };
		A663344115DA0561002D1AE8 /* main.m */ = {isa = PBXFileReference; lastKnownFileType = sourcecode.c.objc; path = main.m; sourceTree = "<group>"; };
		A663344315DA0561002D1AE8 /* Calculator-Prefix.pch */ = {isa = PBXFileReference; path = "Calculator-Prefix.pch"; sourceTree = "<group>"; };
		A663344415DA0561002D1AE8 /* CalculatorAppDelegate.h */ = {isa = PBXFileReference; path = CalculatorAppDelegate.h; sourceTree = "<group>"; };
		A663344515DA0561002D1AE8 /* CalculatorAppDelegate.m */ = {isa = PBXFileReference; lastKnownFileType = sourcecode.c.objc; path = CalculatorAppDelegate.m; sourceTree = "<group>"; };
		A663344815DA0561002D1AE8 /* en */ = {isa = PBXFileReference; lastKnownFileType = file.storyboard; name = en; path = en.lproj/MainStoryboard.storyboard; sourceTree = "<group>"; };
		A663344A15DA0561002D1AE8 /* CalculatorViewController.h */ = {isa = PBXFileReference; path = CalculatorViewController.h; sourceTree = "<group>"; };
		A663344B15DA0561002D1AE8 /* CalculatorViewController.m */ = {isa = PBXFileReference; lastKnownFileType = sourcecode.c.objc; path = CalculatorViewController.m; sourceTree = "<group>"; };
/* End PBXFileReference section */

/* Begin PBXFrameworksBuildPhase section */
		A663342E15DA0561002D1AE8 /* Frameworks */ = {
			isa = PBXFrameworksBuildPhase;
			buildActionMask = 2147483647;
			files = (
				A663343615DA0561002D1AE8 /* UIKit.framework in Frameworks */,
				A663343815DA0561002D1AE8 /* Foundation.framework in Frameworks */,
				A663343A15DA0561002D1AE8 /* CoreGraphics.framework in Frameworks */,
			);
			runOnlyForDeploymentPostprocessing = 0;
		};
/* End PBXFrameworksBuildPhase section */

/* Begin PBXGroup section */
		A663342615DA0560002D1AE8 = {
			isa = PBXGroup;
			children = (
				A663343B15DA0561002D1AE8 /* Calculator */,
				A663343415DA0561002D1AE8 /* Frameworks */,
				A663343215DA0561002D1AE8 /* Products */,
			);
			sourceTree = "<group>";
		};
		A663343215DA0561002D1AE8 /* Products */ = {
			isa = PBXGroup;
			children = (
				A663343115DA0561002D1AE8 /* Calculator.app */,
			);
			name = Products;
			sourceTree = "<group>";
		};
		A663343415DA0561002D1AE8 /* Frameworks */ = {
			isa = PBXGroup;
			children = (
				A663343515DA0561002D1AE8 /* UIKit.framework */,
				A663343715DA0561002D1AE8 /* Foundation.framework */,
				A663343915DA0561002D1AE8 /* CoreGraphics.framework */,
			);
			name = Frameworks;
			sourceTree = "<group>";
		};
		A663343B15DA0561002D1AE8 /* Calculator */ = {
			isa = PBXGroup;
			children = (
				A663344415DA0561002D1AE8 /* CalculatorAppDelegate.h */,
				A663344515DA0561002D1AE8 /* CalculatorAppDelegate.m */,
				A663344715DA0561002D1AE8 /* MainStoryboard.storyboard */,
				A663344A15DA0561002D1AE8 /* CalculatorViewController.h */,
				A663344B15DA0561002D1AE8 /* CalculatorViewController.m */,
				A663343C15DA0561002D1AE8 /* Supporting Files */,
			);
			path = Calculator;
			sourceTree = "<group>";
		};
		A663343C15DA0561002D1AE8 /* Supporting Files */ = {
			isa = PBXGroup;
			children = (
				A663343D15DA0561002D1AE8 /* Calculator-Info.plist */,
				A663343E15DA0561002D1AE8 /* InfoPlist.strings */,
				A663344115DA0561002D1AE8 /* main.m */,
				A663344315DA0561002D1AE8 /* Calculator-Prefix.pch */,
			);
			name = "Supporting Files";
			sourceTree = "<group>";
		};
/* End PBXGroup section */

/* Begin PBXNativeTarget section */
		A663343015DA0561002D1AE8 /* Calculator */ = {
			isa = PBXNativeTarget;
			buildConfigurationList = A663344F15DA0561002D1AE8 /* Build configuration list for PBXNativeTarget "Calculator" */;
			buildPhases = (
				A663342D15DA0561002D1AE8 /* Sources */,
				A663342E15DA0561002D1AE8 /* Frameworks */,
				A663342F15DA0561002D1AE8 /* Resources */,
			);
			buildRules = (
			);
			dependencies = (
			);
			name = Calculator;
			productName = Calculator;
			productReference = A663343115DA0561002D1AE8 /* Calculator.app */;
			productType = "com.apple.product-type.application";
		};
/* End PBXNativeTarget section */

/* Begin PBXProject section */
		A663342815DA0560002D1AE8 /* Project object */ = {
			isa = PBXProject;
			attributes = {
				LastUpgradeCheck = 0420;
			};
			buildConfigurationList = A663342B15DA0560002D1AE8 /* Build configuration list for PBXProject "Calculator" */;
			compatibilityVersion = "Xcode 3.2";
			developmentRegion = English;
			hasScannedForEncodings = 0;
			knownRegions = (
				en,
			);
			mainGroup = A663342615DA0560002D1AE8;
			productRefGroup = A663343215DA0561002D1AE8 /* Products */;
			projectDirPath = "";
			projectRoot = "";
			targets = (
				A663343015DA0561002D1AE8 /* Calculator */,
			);
		};
/* End PBXProject section */

/* Begin PBXResourcesBuildPhase section */
		A663342F15DA0561002D1AE8 /* Resources */ = {
			isa = PBXResourcesBuildPhase;
			buildActionMask = 2147483647;
			files = (
				A663344015DA0561002D1AE8 /* InfoPlist.strings in Resources */,
				A663344915DA0561002D1AE8 /* MainStoryboard.storyboard in Resources */,
			);
			runOnlyForDeploymentPostprocessing = 0;
		};
/* End PBXResourcesBuildPhase section */

/* Begin PBXSourcesBuildPhase section */
		A663342D15DA0561002D1AE8 /* Sources */ = {
			isa = PBXSourcesBuildPhase;
			buildActionMask = 2147483647;
			files = (
				A663344215DA0561002D1AE8 /* main.m in Sources */,
				A663344615DA0561002D1AE8 /* CalculatorAppDelegate.m in Sources */,
				A663344C15DA0561002D1AE8 /* CalculatorViewController.m in Sources */,
			);
			runOnlyForDeploymentPostprocessing = 0;
		};
/* End PBXSourcesBuildPhase section */

/* Begin PBXVariantGroup section */
		A663343E15DA0561002D1AE8 /* InfoPlist.strings */ = {
			isa = PBXVariantGroup;
			children = (
				A663343F15DA0561002D1AE8 /* en */,
			);
			name = InfoPlist.strings;
			sourceTree = "<group>";
		};
		A663344715DA0561002D1AE8 /* MainStoryboard.storyboard */ = {
			isa = PBXVariantGroup;
			children = (
				A663344815DA0561002D1AE8 /* en */,
			);
			name = MainStoryboard.storyboard;
			sourceTree = "<group>";
		};
/* End PBXVariantGroup section */

/* Begin XCBuildConfiguration section */
		A663344D15DA0561002D1AE8 /* Debug */ = {
			isa = XCBuildConfiguration;
			buildSettings = {
				ALWAYS_SEARCH_USER_PATHS = NO;
				ARCHS = "$(ARCHS_STANDARD_32_BIT)";
				CLANG_ENABLE_OBJC_ARC = YES;
				"CODE_SIGN_IDENTITY[sdk=iphoneos*]" = "iPhone Developer";
				COPY_PHASE_STRIP = NO;
				GCC_C_LANGUAGE_STANDARD = gnu99;
				GCC_DYNAMIC_NO_PIC = NO;
				GCC_OPTIMIZATION_LEVEL = 0;
				GCC_PREPROCESSOR_DEFINITIONS = (
					"DEBUG=1",
					"$(inherited)",
				);
				GCC_SYMBOLS_PRIVATE_EXTERN = NO;
				GCC_VERSION = com.apple.compilers.llvm.clang.1_0;
				GCC_WARN_ABOUT_MISSING_PROTOTYPES = YES;
				GCC_WARN_ABOUT_RETURN_TYPE = YES;
				GCC_WARN_UNUSED_VARIABLE = YES;
				IPHONEOS_DEPLOYMENT_TARGET = 5.0;
				SDKROOT = iphoneos;
			};
			name = Debug;
		};
		A663344E15DA0561002D1AE8 /* Release */ = {
			isa = XCBuildConfiguration;
			buildSettings = {
				ALWAYS_SEARCH_USER_PATHS = NO;
				ARCHS = "$(ARCHS_STANDARD_32_BIT)";
				CLANG_ENABLE_OBJC_ARC = YES;
				"CODE_SIGN_IDENTITY[sdk=iphoneos*]" = "iPhone Developer";
				COPY_PHASE_STRIP = YES;
				GCC_C_LANGUAGE_STANDARD = gnu99;
				GCC_VERSION = com.apple.compilers.llvm.clang.1_0;
				GCC_WARN_ABOUT_MISSING_PROTOTYPES = YES;
				GCC_WARN_ABOUT_RETURN_TYPE = YES;
				GCC_WARN_UNUSED_VARIABLE = YES;
				IPHONEOS_DEPLOYMENT_TARGET = 5.0;
				OTHER_CFLAGS = "-DNS_BLOCK_ASSERTIONS=1";
				SDKROOT = iphoneos;
				VALIDATE_PRODUCT = YES;
			};
			name = Release;
		};
		A663345015DA0561002D1AE8 /* Debug */ = {
			isa = XCBuildConfiguration;
			buildSettings = {
				GCC_PRECOMPILE_PREFIX_HEADER = YES;
				GCC_PREFIX_HEADER = "Calculator/Calculator-Prefix.pch";
				INFOPLIST_FILE = "Calculator/Calculator-Info.plist";
				PRODUCT_NAME = "$(TARGET_NAME)";
				WRAPPER_EXTENSION = app;
			};
			name = Debug;
		};
		A663345115DA0561002D1AE8 /* Release */ = {
			isa = XCBuildConfiguration;
			buildSettings = {
				GCC_PRECOMPILE_PREFIX_HEADER = YES;
				GCC_PREFIX_HEADER = "Calculator/Calculator-Prefix.pch";
				INFOPLIST_FILE = "Calculator/Calculator-Info.plist";
				PRODUCT_NAME = "$(TARGET_NAME)";
				WRAPPER_EXTENSION = app;
			};
			name = Release;
		};
/* End XCBuildConfiguration section */

/* Begin XCConfigurationList section */
		A663342B15DA0560002D1AE8 /* Build configuration list for PBXProject "Calculator" */ = {
			isa = XCConfigurationList;
			buildConfigurations = (
				A663344D15DA0561002D1AE8 /* Debug */,
				A663344E15DA0561002D1AE8 /* Release */,
			);
			defaultConfigurationIsVisible = 0;
			defaultConfigurationName = Release;
		};
		A663344F15DA0561002D1AE8 /* Build configuration list for PBXNativeTarget "Calculator" */ = {
			isa = XCConfigurationList;
			buildConfigurations = (
				A663345015DA0561002D1AE8 /* Debug */,
				A663345115DA0561002D1AE8 /* Release */,
			);
			defaultConfigurationIsVisible = 0;
		};
/* End XCConfigurationList section */
	};
	rootObject = A663342815DA0560002D1AE8 /* Project object */;
}
